
Microsoft Visual Studio Solution File, Format Version 12.00
Project("{FAE04EC0-301F-11D3-BF4B-00C04F79EFBC}") = "Redis.Playground.Api", "Redis.Playground.Api\Redis.Playground.Api.csproj", "{C5AC84A7-EFDA-470E-985B-3D255DDBCC63}"
EndProject
Project("{FAE04EC0-301F-11D3-BF4B-00C04F79EFBC}") = "Redis.Playground.Libs", "Redis.Playground.Libs\Redis.Playground.Libs.csproj", "{67293808-4D0A-44F5-AB70-17306522E747}"
EndProject
Project("{FAE04EC0-301F-11D3-BF4B-00C04F79EFBC}") = "Redis.Playground.ConsoleApp", "Redis.Playground.ConsoleApp\Redis.Playground.ConsoleApp.csproj", "{82971E04-58E0-457E-A3A2-1EDE7E9D444E}"
EndProject
Global
	GlobalSection(SolutionConfigurationPlatforms) = preSolution
		Debug|Any CPU = Debug|Any CPU
		Release|Any CPU = Release|Any CPU
	EndGlobalSection
	GlobalSection(ProjectConfigurationPlatforms) = postSolution
		{C5AC84A7-EFDA-470E-985B-3D255DDBCC63}.Debug|Any CPU.ActiveCfg = Debug|Any CPU
		{C5AC84A7-EFDA-470E-985B-3D255DDBCC63}.Debug|Any CPU.Build.0 = Debug|Any CPU
		{C5AC84A7-EFDA-470E-985B-3D255DDBCC63}.Release|Any CPU.ActiveCfg = Release|Any CPU
		{C5AC84A7-EFDA-470E-985B-3D255DDBCC63}.Release|Any CPU.Build.0 = Release|Any CPU
		{67293808-4D0A-44F5-AB70-17306522E747}.Debug|Any CPU.ActiveCfg = Debug|Any CPU
		{67293808-4D0A-44F5-AB70-17306522E747}.Debug|Any CPU.Build.0 = Debug|Any CPU
		{67293808-4D0A-44F5-AB70-17306522E747}.Release|Any CPU.ActiveCfg = Release|Any CPU
		{67293808-4D0A-44F5-AB70-17306522E747}.Release|Any CPU.Build.0 = Release|Any CPU
		{82971E04-58E0-457E-A3A2-1EDE7E9D444E}.Debug|Any CPU.ActiveCfg = Debug|Any CPU
		{82971E04-58E0-457E-A3A2-1EDE7E9D444E}.Debug|Any CPU.Build.0 = Debug|Any CPU
		{82971E04-58E0-457E-A3A2-1EDE7E9D444E}.Release|Any CPU.ActiveCfg = Release|Any CPU
		{82971E04-58E0-457E-A3A2-1EDE7E9D444E}.Release|Any CPU.Build.0 = Release|Any CPU
	EndGlobalSection
EndGlobal
